# THIS IS AN AUTOGENERATED FILE. DO NOT EDIT THIS FILE DIRECTLY.
# yarn lockfile v1


"@heroicons/react@^2.0.10":
  version "2.0.10"
  resolved "https://registry.yarnpkg.com/@heroicons/react/-/react-2.0.10.tgz#191a305aa2dc2271903f027c9f4700ca3dfa9e7b"
  integrity sha512-Ufr+pgAElNiRCSklnHGOR10bXb02BLlosvbDK7sCRUMOcQ3R/HCXTfXs4BUkYZ4dKpx6l5dUD06VSW1dTpTEDw==
